
Microsoft Visual Studio Solution File, Format Version 12.00
# Visual Studio Version 17
VisualStudioVersion = 17.0.31903.59
MinimumVisualStudioVersion = 10.0.40219.1
Project("{2150E333-8FDC-42A3-9474-1A3956D46DE8}") = "src", "src", "{7C7C21F2-CAD1-4317-B1D7-A37BA5C5839B}"
EndProject
Project("{2150E333-8FDC-42A3-9474-1A3956D46DE8}") = "Core", "Core", "{B1FEB3CD-9A6D-4B55-8474-27495ED48752}"
EndProject
Project("{FAE04EC0-301F-11D3-BF4B-00C04F79EFBC}") = "HRManagementSystem.Application", "src\Core\HRManagementSystem.Application\HRManagementSystem.Application.csproj", "{5E12D753-3CE2-4B19-A6C5-3E4A958C6837}"
EndProject
Project("{FAE04EC0-301F-11D3-BF4B-00C04F79EFBC}") = "HRManagementSystem.Domain", "src\Core\HRManagementSystem.Domain\HRManagementSystem.Domain.csproj", "{210A9F8E-E95B-48E4-BB52-25CCD5A7C60D}"
EndProject
Project("{2150E333-8FDC-42A3-9474-1A3956D46DE8}") = "Infrastructure", "Infrastructure", "{8190054E-CF55-4C86-8636-C653B10954C2}"
EndProject
Project("{FAE04EC0-301F-11D3-BF4B-00C04F79EFBC}") = "HRManagementSystem.Infrastructure", "src\Infrastructure\HRManagementSystem.Infrastructure\HRManagementSystem.Infrastructure.csproj", "{46C6C0F5-E426-4EF6-9CD1-037D57787A41}"
EndProject
Project("{2150E333-8FDC-42A3-9474-1A3956D46DE8}") = "Presentation", "Presentation", "{0069F53F-11B7-44C5-844C-B65705289979}"
EndProject
Project("{FAE04EC0-301F-11D3-BF4B-00C04F79EFBC}") = "HRManagementSystem.Api", "src\Presentation\HRManagementSystem.Api\HRManagementSystem.Api.csproj", "{34E244B2-75AA-42A8-ADDB-D88177DE9826}"
EndProject
Global
	GlobalSection(SolutionConfigurationPlatforms) = preSolution
		Debug|Any CPU = Debug|Any CPU
		Release|Any CPU = Release|Any CPU
	EndGlobalSection
	GlobalSection(SolutionProperties) = preSolution
		HideSolutionNode = FALSE
	EndGlobalSection
	GlobalSection(ProjectConfigurationPlatforms) = postSolution
		{5E12D753-3CE2-4B19-A6C5-3E4A958C6837}.Debug|Any CPU.ActiveCfg = Debug|Any CPU
		{5E12D753-3CE2-4B19-A6C5-3E4A958C6837}.Debug|Any CPU.Build.0 = Debug|Any CPU
		{5E12D753-3CE2-4B19-A6C5-3E4A958C6837}.Release|Any CPU.ActiveCfg = Release|Any CPU
		{5E12D753-3CE2-4B19-A6C5-3E4A958C6837}.Release|Any CPU.Build.0 = Release|Any CPU
		{210A9F8E-E95B-48E4-BB52-25CCD5A7C60D}.Debug|Any CPU.ActiveCfg = Debug|Any CPU
		{210A9F8E-E95B-48E4-BB52-25CCD5A7C60D}.Debug|Any CPU.Build.0 = Debug|Any CPU
		{210A9F8E-E95B-48E4-BB52-25CCD5A7C60D}.Release|Any CPU.ActiveCfg = Release|Any CPU
		{210A9F8E-E95B-48E4-BB52-25CCD5A7C60D}.Release|Any CPU.Build.0 = Release|Any CPU
		{46C6C0F5-E426-4EF6-9CD1-037D57787A41}.Debug|Any CPU.ActiveCfg = Debug|Any CPU
		{46C6C0F5-E426-4EF6-9CD1-037D57787A41}.Debug|Any CPU.Build.0 = Debug|Any CPU
		{46C6C0F5-E426-4EF6-9CD1-037D57787A41}.Release|Any CPU.ActiveCfg = Release|Any CPU
		{46C6C0F5-E426-4EF6-9CD1-037D57787A41}.Release|Any CPU.Build.0 = Release|Any CPU
		{34E244B2-75AA-42A8-ADDB-D88177DE9826}.Debug|Any CPU.ActiveCfg = Debug|Any CPU
		{34E244B2-75AA-42A8-ADDB-D88177DE9826}.Debug|Any CPU.Build.0 = Debug|Any CPU
		{34E244B2-75AA-42A8-ADDB-D88177DE9826}.Release|Any CPU.ActiveCfg = Release|Any CPU
		{34E244B2-75AA-42A8-ADDB-D88177DE9826}.Release|Any CPU.Build.0 = Release|Any CPU
	EndGlobalSection
	GlobalSection(NestedProjects) = preSolution
		{B1FEB3CD-9A6D-4B55-8474-27495ED48752} = {7C7C21F2-CAD1-4317-B1D7-A37BA5C5839B}
		{5E12D753-3CE2-4B19-A6C5-3E4A958C6837} = {B1FEB3CD-9A6D-4B55-8474-27495ED48752}
		{210A9F8E-E95B-48E4-BB52-25CCD5A7C60D} = {B1FEB3CD-9A6D-4B55-8474-27495ED48752}
		{8190054E-CF55-4C86-8636-C653B10954C2} = {7C7C21F2-CAD1-4317-B1D7-A37BA5C5839B}
		{46C6C0F5-E426-4EF6-9CD1-037D57787A41} = {8190054E-CF55-4C86-8636-C653B10954C2}
		{0069F53F-11B7-44C5-844C-B65705289979} = {7C7C21F2-CAD1-4317-B1D7-A37BA5C5839B}
		{34E244B2-75AA-42A8-ADDB-D88177DE9826} = {0069F53F-11B7-44C5-844C-B65705289979}
	EndGlobalSection
EndGlobal
